
Microsoft Visual Studio Solution File, Format Version 12.00
# Visual Studio Version 17
VisualStudioVersion = 17.4.33205.214
MinimumVisualStudioVersion = 10.0.40219.1
Project("{FAE04EC0-301F-11D3-BF4B-00C04F79EFBC}") = "QuizApp", "QuizApp.csproj", "{F7F96E22-638F-48A6-A9FD-1EE86DF6FECE}"
EndProject
Global
	GlobalSection(SolutionConfigurationPlatforms) = preSolution
		Debug|Any CPU = Debug|Any CPU
		Release|Any CPU = Release|Any CPU
	EndGlobalSection
	GlobalSection(ProjectConfigurationPlatforms) = postSolution
		{F7F96E22-638F-48A6-A9FD-1EE86DF6FECE}.Debug|Any CPU.ActiveCfg = Debug|Any CPU
		{F7F96E22-638F-48A6-A9FD-1EE86DF6FECE}.Debug|Any CPU.Build.0 = Debug|Any CPU
		{F7F96E22-638F-48A6-A9FD-1EE86DF6FECE}.Release|Any CPU.ActiveCfg = Release|Any CPU
		{F7F96E22-638F-48A6-A9FD-1EE86DF6FECE}.Release|Any CPU.Build.0 = Release|Any CPU
	EndGlobalSection
	GlobalSection(SolutionProperties) = preSolution
		HideSolutionNode = FALSE
	EndGlobalSection
	GlobalSection(ExtensibilityGlobals) = postSolution
		SolutionGuid = {6756B3CE-218C-40F8-8036-D97CD7C18C66}
	EndGlobalSection
EndGlobal
